
Microsoft Visual Studio Solution File, Format Version 12.00
# Visual Studio Version 17
VisualStudioVersion = 17.0.31919.166
MinimumVisualStudioVersion = 10.0.40219.1
Project("{FAE04EC0-301F-11D3-BF4B-00C04F79EFBC}") = "Template.Validator.Api", "src\Template.Validator.Api\Template.Validator.Api.csproj", "{AAEA8AED-F882-44CF-89CB-60028050507D}"
EndProject
Project("{9A19103F-16F7-4668-BE54-9A1E7A4F7556}") = "Template.Validator.Infra", "src\Template.Validator.Infra\Template.Validator.Infra.csproj", "{2CE8FCF1-F10A-4C6C-95B2-326FD67FE8A9}"
EndProject
Project("{9A19103F-16F7-4668-BE54-9A1E7A4F7556}") = "Template.Validator.Domain", "src\Template.Validator.Domain\Template.Validator.Domain.csproj", "{3D718D68-E45A-439A-BBEF-10BC9AB64222}"
EndProject
Global
	GlobalSection(SolutionConfigurationPlatforms) = preSolution
		Debug|Any CPU = Debug|Any CPU
		Release|Any CPU = Release|Any CPU
	EndGlobalSection
	GlobalSection(ProjectConfigurationPlatforms) = postSolution
		{AAEA8AED-F882-44CF-89CB-60028050507D}.Debug|Any CPU.ActiveCfg = Debug|Any CPU
		{AAEA8AED-F882-44CF-89CB-60028050507D}.Debug|Any CPU.Build.0 = Debug|Any CPU
		{AAEA8AED-F882-44CF-89CB-60028050507D}.Release|Any CPU.ActiveCfg = Release|Any CPU
		{AAEA8AED-F882-44CF-89CB-60028050507D}.Release|Any CPU.Build.0 = Release|Any CPU
		{2CE8FCF1-F10A-4C6C-95B2-326FD67FE8A9}.Debug|Any CPU.ActiveCfg = Debug|Any CPU
		{2CE8FCF1-F10A-4C6C-95B2-326FD67FE8A9}.Debug|Any CPU.Build.0 = Debug|Any CPU
		{2CE8FCF1-F10A-4C6C-95B2-326FD67FE8A9}.Release|Any CPU.ActiveCfg = Release|Any CPU
		{2CE8FCF1-F10A-4C6C-95B2-326FD67FE8A9}.Release|Any CPU.Build.0 = Release|Any CPU
		{3D718D68-E45A-439A-BBEF-10BC9AB64222}.Debug|Any CPU.ActiveCfg = Debug|Any CPU
		{3D718D68-E45A-439A-BBEF-10BC9AB64222}.Debug|Any CPU.Build.0 = Debug|Any CPU
		{3D718D68-E45A-439A-BBEF-10BC9AB64222}.Release|Any CPU.ActiveCfg = Release|Any CPU
		{3D718D68-E45A-439A-BBEF-10BC9AB64222}.Release|Any CPU.Build.0 = Release|Any CPU
	EndGlobalSection
	GlobalSection(SolutionProperties) = preSolution
		HideSolutionNode = FALSE
	EndGlobalSection
	GlobalSection(ExtensibilityGlobals) = postSolution
		SolutionGuid = {3F1D5BBC-9BC5-4044-A622-80E5B87810B9}
	EndGlobalSection
EndGlobal
